{
  "version": 4,
  "terraform_version": "1.6.6",
  "serial": 9,
  "lineage": "4550c8ca-841b-ae05-a0c7-23de1999ba4b",
  "outputs": {
    "kubernetes_cluster_host": {
      "value": "34.155.78.192",
      "type": "string"
    },
    "kubernetes_cluster_name": {
      "value": "able-tide-408712-gke",
      "type": "string"
    },
    "project_id": {
      "value": "able-tide-408712",
      "type": "string"
    },
    "region": {
      "value": "europe-west9",
      "type": "string"
    }
  },
  "resources": [
    {
      "mode": "data",
      "type": "google_container_engine_versions",
      "name": "gke_version",
      "provider": "provider[\"registry.terraform.io/hashicorp/google\"]",
      "instances": [
        {
          "schema_version": 0,
          "attributes": {
            "default_cluster_version": "1.27.3-gke.100",
            "id": "2024-01-18 08:34:57.631802 +0000 UTC",
            "latest_master_version": "1.27.9-gke.1092000",
            "latest_node_version": "1.27.9-gke.1092000",
            "location": "europe-west9",
            "project": null,
            "release_channel_default_version": {
              "RAPID": "1.28.3-gke.1286000",
              "REGULAR": "1.27.3-gke.100",
              "STABLE": "1.27.3-gke.100"
            },
            "release_channel_latest_version": {
              "RAPID": "1.27.9-gke.1092000",
              "REGULAR": "1.27.8-gke.1067000",
              "STABLE": "1.27.7-gke.1121000"
            },
            "valid_master_versions": [
              "1.27.9-gke.1092000",
              "1.27.8-gke.1067000",
              "1.27.7-gke.1121000",
              "1.27.5-gke.200",
              "1.27.4-gke.900",
              "1.27.3-gke.100",
              "1.27.2-gke.1200"
            ],
            "valid_node_versions": [
              "1.27.9-gke.1092000",
              "1.27.8-gke.1067000",
              "1.27.7-gke.1293000",
              "1.27.7-gke.1121000",
              "1.27.7-gke.1088000",
              "1.27.7-gke.1056000",
              "1.27.7-gke.1038000",
              "1.27.6-gke.1506000",
              "1.27.6-gke.1445000",
              "1.27.6-gke.1248000",
              "1.27.5-gke.200",
              "1.27.4-gke.900",
              "1.27.3-gke.1700",
              "1.27.3-gke.100",
              "1.27.2-gke.2100",
              "1.27.2-gke.1200"
            ],
            "version_prefix": "1.27."
          },
          "sensitive_attributes": []
        }
      ]
    },
    {
      "mode": "managed",
      "type": "google_compute_network",
      "name": "vpc",
      "provider": "provider[\"registry.terraform.io/hashicorp/google\"]",
      "instances": [
        {
          "schema_version": 0,
          "attributes": {
            "auto_create_subnetworks": false,
            "delete_default_routes_on_create": false,
            "description": "",
            "enable_ula_internal_ipv6": false,
            "gateway_ipv4": "",
            "id": "projects/able-tide-408712/global/networks/able-tide-408712-vpc",
            "internal_ipv6_range": "",
            "mtu": 0,
            "name": "able-tide-408712-vpc",
            "network_firewall_policy_enforcement_order": "AFTER_CLASSIC_FIREWALL",
            "project": "able-tide-408712",
            "routing_mode": "REGIONAL",
            "self_link": "https://www.googleapis.com/compute/v1/projects/able-tide-408712/global/networks/able-tide-408712-vpc",
            "timeouts": null
          },
          "sensitive_attributes": [],
          "private": "eyJlMmJmYjczMC1lY2FhLTExZTYtOGY4OC0zNDM2M2JjN2M0YzAiOnsiY3JlYXRlIjoxMjAwMDAwMDAwMDAwLCJkZWxldGUiOjEyMDAwMDAwMDAwMDAsInVwZGF0ZSI6MTIwMDAwMDAwMDAwMH19"
        }
      ]
    },
    {
      "mode": "managed",
      "type": "google_compute_subnetwork",
      "name": "subnet",
      "provider": "provider[\"registry.terraform.io/hashicorp/google\"]",
      "instances": [
        {
          "schema_version": 0,
          "attributes": {
            "creation_timestamp": "2024-01-18T00:04:44.576-08:00",
            "description": "",
            "external_ipv6_prefix": "",
            "fingerprint": null,
            "gateway_address": "10.10.0.1",
            "id": "projects/able-tide-408712/regions/europe-west9/subnetworks/able-tide-408712-subnet",
            "ip_cidr_range": "10.10.0.0/24",
            "ipv6_access_type": "",
            "ipv6_cidr_range": "",
            "log_config": [],
            "name": "able-tide-408712-subnet",
            "network": "https://www.googleapis.com/compute/v1/projects/able-tide-408712/global/networks/able-tide-408712-vpc",
            "private_ip_google_access": true,
            "private_ipv6_google_access": "DISABLE_GOOGLE_ACCESS",
            "project": "able-tide-408712",
            "purpose": "PRIVATE",
            "region": "europe-west9",
            "role": "",
            "secondary_ip_range": [],
            "self_link": "https://www.googleapis.com/compute/v1/projects/able-tide-408712/regions/europe-west9/subnetworks/able-tide-408712-subnet",
            "stack_type": "IPV4_ONLY",
            "timeouts": null
          },
          "sensitive_attributes": [],
          "private": "eyJlMmJmYjczMC1lY2FhLTExZTYtOGY4OC0zNDM2M2JjN2M0YzAiOnsiY3JlYXRlIjoxMjAwMDAwMDAwMDAwLCJkZWxldGUiOjEyMDAwMDAwMDAwMDAsInVwZGF0ZSI6MTIwMDAwMDAwMDAwMH19",
          "dependencies": [
            "google_compute_network.vpc"
          ]
        }
      ]
    },
    {
      "mode": "managed",
      "type": "google_container_cluster",
      "name": "primary",
      "provider": "provider[\"registry.terraform.io/hashicorp/google\"]",
      "instances": [
        {
          "schema_version": 1,
          "attributes": {
            "addons_config": [
              {
                "cloudrun_config": [],
                "config_connector_config": [],
                "dns_cache_config": [],
                "gce_persistent_disk_csi_driver_config": [
                  {
                    "enabled": true
                  }
                ],
                "gcp_filestore_csi_driver_config": [],
                "gke_backup_agent_config": [],
                "horizontal_pod_autoscaling": [],
                "http_load_balancing": [],
                "network_policy_config": [
                  {
                    "disabled": true
                  }
                ]
              }
            ],
            "authenticator_groups_config": [],
            "binary_authorization": [
              {
                "enabled": false,
                "evaluation_mode": ""
              }
            ],
            "cluster_autoscaling": [
              {
                "auto_provisioning_defaults": [],
                "enabled": false,
                "resource_limits": []
              }
            ],
            "cluster_ipv4_cidr": "10.192.0.0/14",
            "confidential_nodes": [],
            "cost_management_config": [],
            "database_encryption": [
              {
                "key_name": "",
                "state": "DECRYPTED"
              }
            ],
            "datapath_provider": "",
            "default_max_pods_per_node": null,
            "default_snat_status": [
              {
                "disabled": false
              }
            ],
            "description": "",
            "dns_config": [],
            "enable_autopilot": false,
            "enable_binary_authorization": false,
            "enable_intranode_visibility": false,
            "enable_kubernetes_alpha": false,
            "enable_l4_ilb_subsetting": false,
            "enable_legacy_abac": false,
            "enable_shielded_nodes": true,
            "enable_tpu": false,
            "endpoint": "34.155.78.192",
            "gateway_api_config": [],
            "id": "projects/able-tide-408712/locations/europe-west9/clusters/able-tide-408712-gke",
            "initial_node_count": 1,
            "ip_allocation_policy": [],
            "label_fingerprint": "a9dc16a7",
            "location": "europe-west9",
            "logging_config": [
              {
                "enable_components": [
                  "SYSTEM_COMPONENTS",
                  "WORKLOADS"
                ]
              }
            ],
            "logging_service": "logging.googleapis.com/kubernetes",
            "maintenance_policy": [],
            "master_auth": [
              {
                "client_certificate": "",
                "client_certificate_config": [
                  {
                    "issue_client_certificate": false
                  }
                ],
                "client_key": "",
                "cluster_ca_certificate": "LS0tLS1CRUdJTiBDRVJUSUZJQ0FURS0tLS0tCk1JSUVMVENDQXBXZ0F3SUJBZ0lSQU9iaVVHLytNVS9mUmVHMUNrRklQMkV3RFFZSktvWklodmNOQVFFTEJRQXcKTHpFdE1Dc0dBMVVFQXhNa1pEUm1NVGcyTURFdE4yUTFZaTAwTnpneUxXRmxZamN0WTJSalptVTRZbVZoTnpKagpNQ0FYRFRJME1ERXhPREEzTURVd04xb1lEekl3TlRRd01URXdNRGd3TlRBM1dqQXZNUzB3S3dZRFZRUURFeVJrCk5HWXhPRFl3TVMwM1pEVmlMVFEzT0RJdFlXVmlOeTFqWkdObVpUaGlaV0UzTW1Nd2dnR2lNQTBHQ1NxR1NJYjMKRFFFQkFRVUFBNElCandBd2dnR0tBb0lCZ1FEZk5FY3JVZnduTUE4ODhmNnNNUGs4V1ZtSFlDcVg2aUdSOTgybgpHZmN4VDA0OWcrdktTb3ZXS2d1akV1WndTOFp6ZWp0dkRabXh5R2crUjQzZjNFdjB0M0lVQWloTzZUWjhKSUlyCnhqL2FBaElncDZOMXM3T09HMktUbzJiR0plVFhMRVVhdk5abTNUSUdmQzVQYTQxMUNLdWNmMXdIeTBJc0pBYWQKMWl4THFvb2Z5V0pabFJuTzIrMjh0RDJ0WGtjNzNuMUFxWmFFam5FQ093dy9GVlUyWUlHTktKQWdVWlhTYnpmLwpIZHBjTUJETThtbjgxazQySE9tc21la3p1M1h0ZU1nRkY3Wkp4SHFMaGVUanhHcG1rSWIvM3FzZTNyWUYyTmNMCm0yRGMwZkdOaUQ3cktzTGk1OTY0U0J1Q3E0TUtNTGFNZTB0OWMxUzFBU2UxcDMzcTZ2dStybUNnaDJWa01QbWIKbWpLK01sZDFTT1RUaHFLZmJoUjNOMXJCMHRxVTNGVVdwaktpZStIczR0V0VZWDdocjN6MnBtSXRicFZFdnE0cwpWMG4zT0kwYndSYkN3SnBhQ2pLbEdmMlVGbkdGdnp4em1GRlI2RnBTS2Vad0Y4UnFJbThMRnZtbWx4N21aQm1ICmkvdkRadUNsNm9ZY1BKRDVvcEpUdUxFbHA5VUNBd0VBQWFOQ01FQXdEZ1lEVlIwUEFRSC9CQVFEQWdJRU1BOEcKQTFVZEV3RUIvd1FGTUFNQkFmOHdIUVlEVlIwT0JCWUVGTXgwVVg3TEw4U0xqaGxwMHZjNWxjei9idFRlTUEwRwpDU3FHU0liM0RRRUJDd1VBQTRJQmdRQ1hzWW9iaGJZNWsyMXdETHd6WEQ5OG16RFpWclEvb0YwVkxKZHd2N3AxCllNSUxycWY4cVFGaUNTbnduY1FPaGNiZjloOStBTVFZVy93d2xwVDI5RTlub3ZvblF1VHdlcnZuWko0Tkl0NDYKTDAweGZzdzU5c3lmNzdmZ3JXK1I1b1lVdVBPWnkxTXNtYVRnbmhBWGJzcTRrQ3R3ZkNDWGNXallSOE9tUDhVaApTejFBTHl4S3NaZjFPaTZmNjZ4NlBvaW1lVzA1N2xnSVFoUTBLaHhkSlRyVnJZOW9VOTlQL2o2djR0azFNR1A0Ck1XY215dG9KWFFsWjBFMmdYdHQ0UllpaEY3SWpwUjhkSFNGRzlQQ0ZheFdHOHVqSWpEWjRlaUkxWnl6Z29ndzIKY0lnaFl4bW5DUDg5U0pHdnpLUHhDWmQ2YXpyU0l1Vy9MbGhLMDJTc1lsZW5NQlNZak12YTRLUExVR05laXBLbQpIVXQ3a3FTOEdmNU1JQ24rQ2FPNzdwek1jZ1BodWdRRzliTzV2N2UyWGM2R1hNOTJHdUVVcGdqM1pCNFhhSHVxCnlKcWRxb25taTRRRVZVc1pPMSs3bUxISlQvZWx2OUxzQ05qMERIY1daTVNDK3QzQ3ptdjREQWFMSmRRWkhDU0YKRllIK293ZTNKcE1oMmQremNVZksrS3c9Ci0tLS0tRU5EIENFUlRJRklDQVRFLS0tLS0K"
              }
            ],
            "master_authorized_networks_config": [],
            "master_version": "1.27.3-gke.100",
            "mesh_certificates": [],
            "min_master_version": null,
            "monitoring_config": [
              {
                "enable_components": [
                  "SYSTEM_COMPONENTS"
                ],
                "managed_prometheus": [
                  {
                    "enabled": true
                  }
                ]
              }
            ],
            "monitoring_service": "monitoring.googleapis.com/kubernetes",
            "name": "able-tide-408712-gke",
            "network": "projects/able-tide-408712/global/networks/able-tide-408712-vpc",
            "network_policy": [
              {
                "enabled": false,
                "provider": "PROVIDER_UNSPECIFIED"
              }
            ],
            "networking_mode": "ROUTES",
            "node_config": [],
            "node_locations": [
              "europe-west9-a",
              "europe-west9-b",
              "europe-west9-c"
            ],
            "node_pool": [],
            "node_pool_defaults": [
              {
                "node_config_defaults": [
                  {
                    "logging_variant": "DEFAULT"
                  }
                ]
              }
            ],
            "node_version": "1.27.3-gke.100",
            "notification_config": [
              {
                "pubsub": [
                  {
                    "enabled": false,
                    "filter": [],
                    "topic": ""
                  }
                ]
              }
            ],
            "operation": null,
            "private_cluster_config": [
              {
                "enable_private_endpoint": false,
                "enable_private_nodes": false,
                "master_global_access_config": [
                  {
                    "enabled": false
                  }
                ],
                "master_ipv4_cidr_block": "",
                "peering_name": "",
                "private_endpoint": "10.10.0.2",
                "private_endpoint_subnetwork": "",
                "public_endpoint": "34.155.78.192"
              }
            ],
            "private_ipv6_google_access": "",
            "project": "able-tide-408712",
            "release_channel": [
              {
                "channel": "REGULAR"
              }
            ],
            "remove_default_node_pool": true,
            "resource_labels": {},
            "resource_usage_export_config": [],
            "security_posture_config": [
              {
                "mode": "BASIC",
                "vulnerability_mode": "VULNERABILITY_MODE_UNSPECIFIED"
              }
            ],
            "self_link": "https://container.googleapis.com/v1/projects/able-tide-408712/locations/europe-west9/clusters/able-tide-408712-gke",
            "service_external_ips_config": [
              {
                "enabled": false
              }
            ],
            "services_ipv4_cidr": "10.195.240.0/20",
            "subnetwork": "projects/able-tide-408712/regions/europe-west9/subnetworks/able-tide-408712-subnet",
            "timeouts": null,
            "tpu_ipv4_cidr_block": "",
            "vertical_pod_autoscaling": [],
            "workload_identity_config": []
          },
          "sensitive_attributes": [],
          "private": "eyJlMmJmYjczMC1lY2FhLTExZTYtOGY4OC0zNDM2M2JjN2M0YzAiOnsiY3JlYXRlIjoyNDAwMDAwMDAwMDAwLCJkZWxldGUiOjI0MDAwMDAwMDAwMDAsInJlYWQiOjI0MDAwMDAwMDAwMDAsInVwZGF0ZSI6MzYwMDAwMDAwMDAwMH0sInNjaGVtYV92ZXJzaW9uIjoiMSJ9",
          "dependencies": [
            "google_compute_network.vpc",
            "google_compute_subnetwork.subnet"
          ]
        }
      ]
    },
    {
      "mode": "managed",
      "type": "google_container_node_pool",
      "name": "primary_nodes",
      "provider": "provider[\"registry.terraform.io/hashicorp/google\"]",
      "instances": [
        {
          "status": "tainted",
          "schema_version": 1,
          "attributes": {
            "autoscaling": [],
            "cluster": "able-tide-408712-gke",
            "id": "projects/able-tide-408712/locations/europe-west9/clusters/able-tide-408712-gke/nodePools/able-tide-408712-gke",
            "initial_node_count": null,
            "instance_group_urls": null,
            "location": "europe-west9",
            "managed_instance_group_urls": null,
            "management": null,
            "max_pods_per_node": null,
            "name": "able-tide-408712-gke",
            "name_prefix": null,
            "network_config": null,
            "node_config": [
              {
                "advanced_machine_features": [],
                "boot_disk_kms_key": "",
                "disk_size_gb": 0,
                "disk_type": "",
                "ephemeral_storage_local_ssd_config": [],
                "gcfs_config": [],
                "guest_accelerator": [],
                "gvnic": [],
                "image_type": "",
                "kubelet_config": [],
                "labels": {
                  "env": "able-tide-408712"
                },
                "linux_node_config": [],
                "local_nvme_ssd_block_config": [],
                "local_ssd_count": 0,
                "logging_variant": "DEFAULT",
                "machine_type": "e2-medium",
                "metadata": {
                  "disable-legacy-endpoints": "true"
                },
                "min_cpu_platform": "",
                "node_group": "",
                "oauth_scopes": [
                  "https://www.googleapis.com/auth/logging.write",
                  "https://www.googleapis.com/auth/monitoring"
                ],
                "preemptible": false,
                "reservation_affinity": [],
                "resource_labels": null,
                "service_account": "",
                "shielded_instance_config": [],
                "sole_tenant_config": [],
                "spot": false,
                "tags": [
                  "gke-node",
                  "able-tide-408712-gke"
                ],
                "taint": [],
                "workload_metadata_config": []
              }
            ],
            "node_count": 2,
            "node_locations": [],
            "operation": null,
            "placement_policy": [],
            "project": null,
            "timeouts": null,
            "upgrade_settings": null,
            "version": "1.27.7-gke.1121000"
          },
          "sensitive_attributes": [],
          "private": "eyJlMmJmYjczMC1lY2FhLTExZTYtOGY4OC0zNDM2M2JjN2M0YzAiOnsiY3JlYXRlIjoxODAwMDAwMDAwMDAwLCJkZWxldGUiOjE4MDAwMDAwMDAwMDAsInVwZGF0ZSI6MTgwMDAwMDAwMDAwMH0sInNjaGVtYV92ZXJzaW9uIjoiMSJ9",
          "dependencies": [
            "data.google_container_engine_versions.gke_version",
            "google_compute_network.vpc",
            "google_compute_subnetwork.subnet",
            "google_container_cluster.primary"
          ]
        }
      ]
    }
  ],
  "check_results": null
}
