{
  "version": 4,
  "terraform_version": "1.6.6",
  "serial": 43,
  "lineage": "4e1228dc-97ec-ea4e-f912-e3341d69ae56",
  "outputs": {},
  "resources": [
    {
      "mode": "managed",
      "type": "google_compute_instance",
      "name": "vm_instance",
      "provider": "provider[\"registry.terraform.io/hashicorp/google\"]",
      "instances": [
        {
          "schema_version": 6,
          "attributes": {
            "advanced_machine_features": [],
            "allow_stopping_for_update": null,
            "attached_disk": [],
            "boot_disk": [
              {
                "auto_delete": true,
                "device_name": "persistent-disk-0",
                "disk_encryption_key_raw": "",
                "disk_encryption_key_sha256": "",
                "initialize_params": [
                  {
                    "image": "https://www.googleapis.com/compute/v1/projects/debian-cloud/global/images/debian-11-bullseye-v20231212",
                    "labels": {},
                    "size": 10,
                    "type": "pd-standard"
                  }
                ],
                "kms_key_self_link": "",
                "mode": "READ_WRITE",
                "source": "https://www.googleapis.com/compute/v1/projects/able-tide-408712/zones/europe-west9-a/disks/terraform-instance"
              }
            ],
            "can_ip_forward": false,
            "confidential_instance_config": [],
            "cpu_platform": "Intel Broadwell",
            "current_status": "RUNNING",
            "deletion_protection": false,
            "description": "",
            "desired_status": null,
            "enable_display": false,
            "guest_accelerator": [],
            "hostname": "",
            "id": "projects/able-tide-408712/zones/europe-west9-a/instances/terraform-instance",
            "instance_id": "1612762743933956448",
            "label_fingerprint": "42WmSpB8rSM=",
            "labels": null,
            "machine_type": "e2-medium",
            "metadata": null,
            "metadata_fingerprint": "5-Dbs796wwE=",
            "metadata_startup_script": "#!/bin/bash\n\ntouch hello2.txt\n\n#############Execute docker install script#############\nsudo apt-get update\n#\ncat \u003e /root/docker-install.sh \u003c\u003c- \"SCRIPT\"\n#!/bin/bash\n\n##################Install docker#################\ncurl -sSL https://get.docker.com | sh\n\n#################Install Docker Compose##########\nsudo curl -L \"https://github.com/docker/compose/releases/download/1.24.0/docker-compose-$(uname -s)-$(uname -m)\" -o /usr/local/bin/docker-compose\nsudo chmod +x /usr/local/bin/docker-compose\n\nSCRIPT\n#\nchmod 700 /root/docker-install.sh\n/root/docker-install.sh \u003e\u003e /root/docker-install.log\nmv /root/docker-install.sh /root/docker-install.sh.EXECUTED #prevent it from running again\n\ncp /root/docker-install.sh.EXECUTED /home/hanane_temal/\ncp /root/docker-install.sh.EXECUTED /home/\ncp /root/docker-install.log /home/hanane_temal/\ncp /root/docker-install.log /home/\n\n\n#############Install Docker network#############\n#create a network most containers will use\ndocker network create dockernet \u003e\u003e /root/dockernet.log\ndocker network ls \u003e\u003e /root/dockernet.log\ncp /root/dockernet.log /home/hanane_temal/\ncp /root/dockernet.log /home/\n\n#\ncat \u003e /root/docker-compose.yml \u003c\u003c- \"SCRIPT\"\n\nversion: '3'\nservices:\n  server:\n    image: nginx\n    container_name: nginx_gcp\n    restart: always\n    ports:\n      - \"8080:80\"\n    networks:\n      - dockernet\n\nnetworks: #use same network across containers to simplify communication between containers\n  dockernet:\n    driver: bridge\n    name: dockernet\n    external: true\n\nSCRIPT\n#\n# network created previously by 'docker network create dockernet' command\ncp /root/docker-compose.yml /home/\ncp /root/docker-compose.yml /home/hanane_temal/\n\n#############Bring up docker containers############\n\nsudo usermod -aG docker \"hanane_temal\"\ndocker compose -f /home/docker-compose.yml up -d",
            "min_cpu_platform": "",
            "name": "terraform-instance",
            "network_interface": [
              {
                "access_config": [
                  {
                    "nat_ip": "34.155.128.106",
                    "network_tier": "PREMIUM",
                    "public_ptr_domain_name": ""
                  }
                ],
                "alias_ip_range": [],
                "ipv6_access_config": [],
                "ipv6_access_type": "",
                "name": "nic0",
                "network": "https://www.googleapis.com/compute/v1/projects/able-tide-408712/global/networks/default",
                "network_ip": "10.200.0.11",
                "nic_type": "",
                "queue_count": 0,
                "stack_type": "IPV4_ONLY",
                "subnetwork": "https://www.googleapis.com/compute/v1/projects/able-tide-408712/regions/europe-west9/subnetworks/default",
                "subnetwork_project": "able-tide-408712"
              }
            ],
            "project": "able-tide-408712",
            "reservation_affinity": [],
            "resource_policies": null,
            "scheduling": [
              {
                "automatic_restart": true,
                "instance_termination_action": "",
                "min_node_cpus": 0,
                "node_affinities": [],
                "on_host_maintenance": "MIGRATE",
                "preemptible": false,
                "provisioning_model": "STANDARD"
              }
            ],
            "scratch_disk": [],
            "self_link": "https://www.googleapis.com/compute/v1/projects/able-tide-408712/zones/europe-west9-a/instances/terraform-instance",
            "service_account": [],
            "shielded_instance_config": [
              {
                "enable_integrity_monitoring": true,
                "enable_secure_boot": false,
                "enable_vtpm": true
              }
            ],
            "tags": null,
            "tags_fingerprint": "42WmSpB8rSM=",
            "timeouts": null,
            "zone": "europe-west9-a"
          },
          "sensitive_attributes": [],
          "private": "eyJlMmJmYjczMC1lY2FhLTExZTYtOGY4OC0zNDM2M2JjN2M0YzAiOnsiY3JlYXRlIjoxMjAwMDAwMDAwMDAwLCJkZWxldGUiOjEyMDAwMDAwMDAwMDAsInVwZGF0ZSI6MTIwMDAwMDAwMDAwMH0sInNjaGVtYV92ZXJzaW9uIjoiNiJ9"
        }
      ]
    },
    {
      "mode": "managed",
      "type": "google_compute_network",
      "name": "vpc_network",
      "provider": "provider[\"registry.terraform.io/hashicorp/google\"]",
      "instances": [
        {
          "schema_version": 0,
          "attributes": {
            "auto_create_subnetworks": true,
            "delete_default_routes_on_create": false,
            "description": "",
            "enable_ula_internal_ipv6": false,
            "gateway_ipv4": "",
            "id": "projects/able-tide-408712/global/networks/terraform-network",
            "internal_ipv6_range": "",
            "mtu": 0,
            "name": "terraform-network",
            "project": "able-tide-408712",
            "routing_mode": "REGIONAL",
            "self_link": "https://www.googleapis.com/compute/v1/projects/able-tide-408712/global/networks/terraform-network",
            "timeouts": null
          },
          "sensitive_attributes": [],
          "private": "eyJlMmJmYjczMC1lY2FhLTExZTYtOGY4OC0zNDM2M2JjN2M0YzAiOnsiY3JlYXRlIjoxMjAwMDAwMDAwMDAwLCJkZWxldGUiOjEyMDAwMDAwMDAwMDAsInVwZGF0ZSI6MTIwMDAwMDAwMDAwMH19"
        }
      ]
    }
  ],
  "check_results": null
}
